
Microsoft Visual Studio Solution File, Format Version 12.00
# Visual Studio Version 17
VisualStudioVersion = 17.11.35312.102
MinimumVisualStudioVersion = 10.0.40219.1
Project("{888888A0-9F3D-457C-B088-3A5042F75D52}") = "CookieOrderSystem", "CookieOrderSystem\CookieOrderSystem.pyproj", "{A47DCE85-C82A-4CB6-A9FC-0AF78C8EEDE5}"
EndProject
Global
	GlobalSection(SolutionConfigurationPlatforms) = preSolution
		Debug|Any CPU = Debug|Any CPU
		Release|Any CPU = Release|Any CPU
	EndGlobalSection
	GlobalSection(ProjectConfigurationPlatforms) = postSolution
		{A47DCE85-C82A-4CB6-A9FC-0AF78C8EEDE5}.Debug|Any CPU.ActiveCfg = Debug|Any CPU
		{A47DCE85-C82A-4CB6-A9FC-0AF78C8EEDE5}.Release|Any CPU.ActiveCfg = Release|Any CPU
	EndGlobalSection
	GlobalSection(SolutionProperties) = preSolution
		HideSolutionNode = FALSE
	EndGlobalSection
	GlobalSection(ExtensibilityGlobals) = postSolution
		SolutionGuid = {962D9564-D396-48C4-A4AA-9276E5CBA63D}
	EndGlobalSection
EndGlobal
